{
  "name": "xmtoolbox",
  "version": "1.2.31",
  "lockfileVersion": 2,
  "requires": true,
  "packages": {
    "": {
      "name": "xmtoolbox",
      "version": "1.2.31",
      "license": "MIT",
      "dependencies": {
        "bottleneck": "^2.19.5"
      },
      "bin": {
        "create-xmpw": "create-xmpw.js"
      }
    },
    "node_modules/bottleneck": {
      "version": "2.19.5",
      "resolved": "https://registry.npmjs.org/bottleneck/-/bottleneck-2.19.5.tgz",
      "integrity": "sha512-VHiNCbI1lKdl44tGrhNfU3lup0Tj/ZBMJB5/2ZbNXRCPuRCO7ed2mgcK4r17y+KB2EfuYuRaVlwNbAeaWGSpbw==",
      "license": "MIT"
    }
  },
  "dependencies": {
    "bottleneck": {
      "version": "2.19.5",
      "resolved": "https://registry.npmjs.org/bottleneck/-/bottleneck-2.19.5.tgz",
      "integrity": "sha512-VHiNCbI1lKdl44tGrhNfU3lup0Tj/ZBMJB5/2ZbNXRCPuRCO7ed2mgcK4r17y+KB2EfuYuRaVlwNbAeaWGSpbw=="
    }
  }
}
